
Microsoft Visual Studio Solution File, Format Version 12.00
# Visual Studio Version 17
VisualStudioVersion = 17.10.34928.147
MinimumVisualStudioVersion = 10.0.40219.1
Project("{FAE04EC0-301F-11D3-BF4B-00C04F79EFBC}") = "PMS.Web", "PMS.Web\PMS.Web.csproj", "{1473BEB2-BFE6-494B-BB15-8C304CF84735}"
EndProject
Project("{FAE04EC0-301F-11D3-BF4B-00C04F79EFBC}") = "PMS.Model", "PMS.Model\PMS.Model.csproj", "{9EF14B91-ACA6-4B9E-A899-471BFB495B3F}"
EndProject
Project("{FAE04EC0-301F-11D3-BF4B-00C04F79EFBC}") = "PMS.Repository", "PMS.Repository\PMS.Repository.csproj", "{782B0C02-C49F-47FA-BE80-30C29FF4DA8C}"
EndProject
Project("{FAE04EC0-301F-11D3-BF4B-00C04F79EFBC}") = "PMS.Service", "PMS.Service\PMS.Service.csproj", "{0708B466-E627-4FE7-A580-C9B7BA65EEBA}"
EndProject
Global
	GlobalSection(SolutionConfigurationPlatforms) = preSolution
		Debug|Any CPU = Debug|Any CPU
		Release|Any CPU = Release|Any CPU
	EndGlobalSection
	GlobalSection(ProjectConfigurationPlatforms) = postSolution
		{1473BEB2-BFE6-494B-BB15-8C304CF84735}.Debug|Any CPU.ActiveCfg = Debug|Any CPU
		{1473BEB2-BFE6-494B-BB15-8C304CF84735}.Debug|Any CPU.Build.0 = Debug|Any CPU
		{1473BEB2-BFE6-494B-BB15-8C304CF84735}.Release|Any CPU.ActiveCfg = Release|Any CPU
		{1473BEB2-BFE6-494B-BB15-8C304CF84735}.Release|Any CPU.Build.0 = Release|Any CPU
		{9EF14B91-ACA6-4B9E-A899-471BFB495B3F}.Debug|Any CPU.ActiveCfg = Debug|Any CPU
		{9EF14B91-ACA6-4B9E-A899-471BFB495B3F}.Debug|Any CPU.Build.0 = Debug|Any CPU
		{9EF14B91-ACA6-4B9E-A899-471BFB495B3F}.Release|Any CPU.ActiveCfg = Release|Any CPU
		{9EF14B91-ACA6-4B9E-A899-471BFB495B3F}.Release|Any CPU.Build.0 = Release|Any CPU
		{782B0C02-C49F-47FA-BE80-30C29FF4DA8C}.Debug|Any CPU.ActiveCfg = Debug|Any CPU
		{782B0C02-C49F-47FA-BE80-30C29FF4DA8C}.Debug|Any CPU.Build.0 = Debug|Any CPU
		{782B0C02-C49F-47FA-BE80-30C29FF4DA8C}.Release|Any CPU.ActiveCfg = Release|Any CPU
		{782B0C02-C49F-47FA-BE80-30C29FF4DA8C}.Release|Any CPU.Build.0 = Release|Any CPU
		{0708B466-E627-4FE7-A580-C9B7BA65EEBA}.Debug|Any CPU.ActiveCfg = Debug|Any CPU
		{0708B466-E627-4FE7-A580-C9B7BA65EEBA}.Debug|Any CPU.Build.0 = Debug|Any CPU
		{0708B466-E627-4FE7-A580-C9B7BA65EEBA}.Release|Any CPU.ActiveCfg = Release|Any CPU
		{0708B466-E627-4FE7-A580-C9B7BA65EEBA}.Release|Any CPU.Build.0 = Release|Any CPU
	EndGlobalSection
	GlobalSection(SolutionProperties) = preSolution
		HideSolutionNode = FALSE
	EndGlobalSection
	GlobalSection(ExtensibilityGlobals) = postSolution
		SolutionGuid = {4ACBC28B-0F5A-4A79-999E-D574A493A073}
	EndGlobalSection
EndGlobal
